
Microsoft Visual Studio Solution File, Format Version 12.00
# Visual Studio Version 16
VisualStudioVersion = 16.0.33130.400
MinimumVisualStudioVersion = 10.0.40219.1
Project("{FAE04EC0-301F-11D3-BF4B-00C04F79EFBC}") = "Ingatlan", "Ingatlan.csproj", "{D91A7E91-DBE3-4CBA-9E2E-5C6A19300372}"
EndProject
Global
	GlobalSection(SolutionConfigurationPlatforms) = preSolution
		Debug|Any CPU = Debug|Any CPU
		Release|Any CPU = Release|Any CPU
	EndGlobalSection
	GlobalSection(ProjectConfigurationPlatforms) = postSolution
		{D91A7E91-DBE3-4CBA-9E2E-5C6A19300372}.Debug|Any CPU.ActiveCfg = Debug|Any CPU
		{D91A7E91-DBE3-4CBA-9E2E-5C6A19300372}.Debug|Any CPU.Build.0 = Debug|Any CPU
		{D91A7E91-DBE3-4CBA-9E2E-5C6A19300372}.Release|Any CPU.ActiveCfg = Release|Any CPU
		{D91A7E91-DBE3-4CBA-9E2E-5C6A19300372}.Release|Any CPU.Build.0 = Release|Any CPU
	EndGlobalSection
	GlobalSection(SolutionProperties) = preSolution
		HideSolutionNode = FALSE
	EndGlobalSection
	GlobalSection(ExtensibilityGlobals) = postSolution
		SolutionGuid = {5B2B6F64-77F2-414A-AE04-E8FBC9E5AA56}
	EndGlobalSection
EndGlobal
